
Microsoft Visual Studio Solution File, Format Version 12.00
# Visual Studio Version 16
VisualStudioVersion = 16.0.32126.315
MinimumVisualStudioVersion = 10.0.40219.1
Project("{2150E333-8FDC-42A3-9474-1A3956D46DE8}") = "OpenGLES", "OpenGLES", "{E8C6473C-0799-4097-BB8C-6BEAE58DE89E}"
EndProject
Project("{39E2626F-3545-4960-A6E8-258AD8476CE5}") = "OpenGLES.Android.Packaging", "OpenGLES\OpenGLES.Android.Packaging\OpenGLES.Android.Packaging.androidproj", "{20486526-51B3-4124-8EB0-284537EB82A3}"
EndProject
Project("{2150E333-8FDC-42A3-9474-1A3956D46DE8}") = "Libraries", "Libraries", "{14B02954-5A5E-4E1C-9A3F-F0DED5BB4B9C}"
EndProject
Project("{8BC9CEB8-8B4A-11D0-8D11-00A0C91BC942}") = "OpenGLES.Shared", "OpenGLES\OpenGLES.Shared\OpenGLES.Shared.vcxitems", "{2131FFCF-C486-4E1D-B360-5CEB0D79C2AC}"
EndProject
Project("{8BC9CEB8-8B4A-11D0-8D11-00A0C91BC942}") = "OpenGLES.Android.NativeActivity", "OpenGLES\OpenGLES.Android.NativeActivity\OpenGLES.Android.NativeActivity.vcxproj", "{90B9606B-A037-4FFC-AEC9-ED3EF811B139}"
EndProject
Global
	GlobalSection(SharedMSBuildProjectFiles) = preSolution
		OpenGLES\OpenGLES.Shared\OpenGLES.Shared.vcxitems*{2131ffcf-c486-4e1d-b360-5ceb0d79c2ac}*SharedItemsImports = 9
		OpenGLES\OpenGLES.Shared\OpenGLES.Shared.vcxitems*{90b9606b-a037-4ffc-aec9-ed3ef811b139}*SharedItemsImports = 4
	EndGlobalSection
	GlobalSection(SolutionConfigurationPlatforms) = preSolution
		Debug|ARM = Debug|ARM
		Debug|ARM64 = Debug|ARM64
		Debug|x64 = Debug|x64
		Debug|x86 = Debug|x86
		Release|ARM = Release|ARM
		Release|ARM64 = Release|ARM64
		Release|x64 = Release|x64
		Release|x86 = Release|x86
	EndGlobalSection
	GlobalSection(ProjectConfigurationPlatforms) = postSolution
		{20486526-51B3-4124-8EB0-284537EB82A3}.Debug|ARM.ActiveCfg = Debug|ARM
		{20486526-51B3-4124-8EB0-284537EB82A3}.Debug|ARM.Build.0 = Debug|ARM
		{20486526-51B3-4124-8EB0-284537EB82A3}.Debug|ARM.Deploy.0 = Debug|ARM
		{20486526-51B3-4124-8EB0-284537EB82A3}.Debug|ARM64.ActiveCfg = Debug|ARM64
		{20486526-51B3-4124-8EB0-284537EB82A3}.Debug|ARM64.Build.0 = Debug|ARM64
		{20486526-51B3-4124-8EB0-284537EB82A3}.Debug|ARM64.Deploy.0 = Debug|ARM64
		{20486526-51B3-4124-8EB0-284537EB82A3}.Debug|x64.ActiveCfg = Debug|x64
		{20486526-51B3-4124-8EB0-284537EB82A3}.Debug|x64.Build.0 = Debug|x64
		{20486526-51B3-4124-8EB0-284537EB82A3}.Debug|x64.Deploy.0 = Debug|x64
		{20486526-51B3-4124-8EB0-284537EB82A3}.Debug|x86.ActiveCfg = Debug|x86
		{20486526-51B3-4124-8EB0-284537EB82A3}.Debug|x86.Build.0 = Debug|x86
		{20486526-51B3-4124-8EB0-284537EB82A3}.Debug|x86.Deploy.0 = Debug|x86
		{20486526-51B3-4124-8EB0-284537EB82A3}.Release|ARM.ActiveCfg = Release|ARM
		{20486526-51B3-4124-8EB0-284537EB82A3}.Release|ARM.Build.0 = Release|ARM
		{20486526-51B3-4124-8EB0-284537EB82A3}.Release|ARM.Deploy.0 = Release|ARM
		{20486526-51B3-4124-8EB0-284537EB82A3}.Release|ARM64.ActiveCfg = Release|ARM64
		{20486526-51B3-4124-8EB0-284537EB82A3}.Release|ARM64.Build.0 = Release|ARM64
		{20486526-51B3-4124-8EB0-284537EB82A3}.Release|ARM64.Deploy.0 = Release|ARM64
		{20486526-51B3-4124-8EB0-284537EB82A3}.Release|x64.ActiveCfg = Release|x64
		{20486526-51B3-4124-8EB0-284537EB82A3}.Release|x64.Build.0 = Release|x64
		{20486526-51B3-4124-8EB0-284537EB82A3}.Release|x64.Deploy.0 = Release|x64
		{20486526-51B3-4124-8EB0-284537EB82A3}.Release|x86.ActiveCfg = Release|x86
		{20486526-51B3-4124-8EB0-284537EB82A3}.Release|x86.Build.0 = Release|x86
		{20486526-51B3-4124-8EB0-284537EB82A3}.Release|x86.Deploy.0 = Release|x86
		{90B9606B-A037-4FFC-AEC9-ED3EF811B139}.Debug|ARM.ActiveCfg = Debug|ARM
		{90B9606B-A037-4FFC-AEC9-ED3EF811B139}.Debug|ARM.Build.0 = Debug|ARM
		{90B9606B-A037-4FFC-AEC9-ED3EF811B139}.Debug|ARM64.ActiveCfg = Debug|ARM64
		{90B9606B-A037-4FFC-AEC9-ED3EF811B139}.Debug|ARM64.Build.0 = Debug|ARM64
		{90B9606B-A037-4FFC-AEC9-ED3EF811B139}.Debug|x64.ActiveCfg = Debug|x64
		{90B9606B-A037-4FFC-AEC9-ED3EF811B139}.Debug|x64.Build.0 = Debug|x64
		{90B9606B-A037-4FFC-AEC9-ED3EF811B139}.Debug|x86.ActiveCfg = Debug|x86
		{90B9606B-A037-4FFC-AEC9-ED3EF811B139}.Debug|x86.Build.0 = Debug|x86
		{90B9606B-A037-4FFC-AEC9-ED3EF811B139}.Release|ARM.ActiveCfg = Release|ARM
		{90B9606B-A037-4FFC-AEC9-ED3EF811B139}.Release|ARM.Build.0 = Release|ARM
		{90B9606B-A037-4FFC-AEC9-ED3EF811B139}.Release|ARM64.ActiveCfg = Release|ARM64
		{90B9606B-A037-4FFC-AEC9-ED3EF811B139}.Release|ARM64.Build.0 = Release|ARM64
		{90B9606B-A037-4FFC-AEC9-ED3EF811B139}.Release|x64.ActiveCfg = Release|x64
		{90B9606B-A037-4FFC-AEC9-ED3EF811B139}.Release|x64.Build.0 = Release|x64
		{90B9606B-A037-4FFC-AEC9-ED3EF811B139}.Release|x86.ActiveCfg = Release|x86
		{90B9606B-A037-4FFC-AEC9-ED3EF811B139}.Release|x86.Build.0 = Release|x86
	EndGlobalSection
	GlobalSection(SolutionProperties) = preSolution
		HideSolutionNode = FALSE
	EndGlobalSection
	GlobalSection(NestedProjects) = preSolution
		{20486526-51B3-4124-8EB0-284537EB82A3} = {E8C6473C-0799-4097-BB8C-6BEAE58DE89E}
		{14B02954-5A5E-4E1C-9A3F-F0DED5BB4B9C} = {E8C6473C-0799-4097-BB8C-6BEAE58DE89E}
		{2131FFCF-C486-4E1D-B360-5CEB0D79C2AC} = {14B02954-5A5E-4E1C-9A3F-F0DED5BB4B9C}
		{90B9606B-A037-4FFC-AEC9-ED3EF811B139} = {14B02954-5A5E-4E1C-9A3F-F0DED5BB4B9C}
	EndGlobalSection
	GlobalSection(ExtensibilityGlobals) = postSolution
		SolutionGuid = {8D954521-9F47-4567-B185-BADA8E55FE0F}
	EndGlobalSection
EndGlobal
